
Microsoft Visual Studio Solution File, Format Version 12.00
# Visual Studio Version 17
VisualStudioVersion = 17.4.33027.239
MinimumVisualStudioVersion = 10.0.40219.1
Project("{9A19103F-16F7-4668-BE54-9A1E7A4F7556}") = "AtlanticVideoLibrary1", "AtlanticVideoLibrary1\AtlanticVideoLibrary1.csproj", "{A10A7951-8C39-40D7-A8EC-08F672D57A49}"
EndProject
Global
	GlobalSection(SolutionConfigurationPlatforms) = preSolution
		Debug|Any CPU = Debug|Any CPU
		Release|Any CPU = Release|Any CPU
	EndGlobalSection
	GlobalSection(ProjectConfigurationPlatforms) = postSolution
		{A10A7951-8C39-40D7-A8EC-08F672D57A49}.Debug|Any CPU.ActiveCfg = Debug|Any CPU
		{A10A7951-8C39-40D7-A8EC-08F672D57A49}.Debug|Any CPU.Build.0 = Debug|Any CPU
		{A10A7951-8C39-40D7-A8EC-08F672D57A49}.Release|Any CPU.ActiveCfg = Release|Any CPU
		{A10A7951-8C39-40D7-A8EC-08F672D57A49}.Release|Any CPU.Build.0 = Release|Any CPU
	EndGlobalSection
	GlobalSection(SolutionProperties) = preSolution
		HideSolutionNode = FALSE
	EndGlobalSection
	GlobalSection(ExtensibilityGlobals) = postSolution
		SolutionGuid = {B4B534BE-081C-409C-9E3B-4522D8FFED2C}
	EndGlobalSection
EndGlobal
